
Microsoft Visual Studio Solution File, Format Version 12.00
# Visual Studio Version 16
VisualStudioVersion = 16.0.30011.22
MinimumVisualStudioVersion = 10.0.40219.1
Project("{FAE04EC0-301F-11D3-BF4B-00C04F79EFBC}") = "ReplaceWithPeePee", "ReplaceWithPeePee\ReplaceWithPeePee.csproj", "{163F4DE9-6190-4EFF-9068-7D4F86B46D9C}"
EndProject
Global
	GlobalSection(SolutionConfigurationPlatforms) = preSolution
		Debug|Any CPU = Debug|Any CPU
		Release|Any CPU = Release|Any CPU
	EndGlobalSection
	GlobalSection(ProjectConfigurationPlatforms) = postSolution
		{163F4DE9-6190-4EFF-9068-7D4F86B46D9C}.Debug|Any CPU.ActiveCfg = Debug|Any CPU
		{163F4DE9-6190-4EFF-9068-7D4F86B46D9C}.Debug|Any CPU.Build.0 = Debug|Any CPU
		{163F4DE9-6190-4EFF-9068-7D4F86B46D9C}.Release|Any CPU.ActiveCfg = Release|Any CPU
		{163F4DE9-6190-4EFF-9068-7D4F86B46D9C}.Release|Any CPU.Build.0 = Release|Any CPU
	EndGlobalSection
	GlobalSection(SolutionProperties) = preSolution
		HideSolutionNode = FALSE
	EndGlobalSection
	GlobalSection(ExtensibilityGlobals) = postSolution
		SolutionGuid = {851C9B2F-FF8D-4BE6-8EE1-BFE934565DE8}
	EndGlobalSection
EndGlobal
