
Microsoft Visual Studio Solution File, Format Version 12.00
# Visual Studio Version 16
VisualStudioVersion = 16.0.30225.117
MinimumVisualStudioVersion = 10.0.40219.1
Project("{FAE04EC0-301F-11D3-BF4B-00C04F79EFBC}") = "FizzBuzz", "FizzBuzz\FizzBuzz.csproj", "{9FEF8D73-D74B-42FB-9478-2FEA358EE364}"
EndProject
Global
	GlobalSection(SolutionConfigurationPlatforms) = preSolution
		Debug|Any CPU = Debug|Any CPU
		Release|Any CPU = Release|Any CPU
	EndGlobalSection
	GlobalSection(ProjectConfigurationPlatforms) = postSolution
		{9FEF8D73-D74B-42FB-9478-2FEA358EE364}.Debug|Any CPU.ActiveCfg = Debug|Any CPU
		{9FEF8D73-D74B-42FB-9478-2FEA358EE364}.Debug|Any CPU.Build.0 = Debug|Any CPU
		{9FEF8D73-D74B-42FB-9478-2FEA358EE364}.Release|Any CPU.ActiveCfg = Release|Any CPU
		{9FEF8D73-D74B-42FB-9478-2FEA358EE364}.Release|Any CPU.Build.0 = Release|Any CPU
	EndGlobalSection
	GlobalSection(SolutionProperties) = preSolution
		HideSolutionNode = FALSE
	EndGlobalSection
	GlobalSection(ExtensibilityGlobals) = postSolution
		SolutionGuid = {01A7C6A1-0C2E-415D-B9EB-F3D21A4D6FBB}
	EndGlobalSection
EndGlobal
